version = 1
revision = 3
requires-python = ">=3.13"

[[package]]
name = "ia"
version = "0.1.0"
source = { virtual = "." }
dependencies = [
    { name = "pika" },
]

[package.metadata]
requires-dist = [{ name = "pika", specifier = "==1.4.1" }]

[[package]]
name = "pika"
version = "1.4.1"
source = { registry = "https://pypi.org/simple" }
sdist = { url = "https://files.pythonhosted.org/packages/f7/09/8c42dd00c4b3e09ebd174455d30823c261eefef9d2b7e94ae9ca779704c1/pika-1.4.1.tar.gz", hash = "sha256:e851f3e4992adfbf8eb64e9b86d94e3382f92ba0200055abedbb29676b8e713b", size = 154268, upload-time = "2026-05-22T18:01:24.855Z" }
wheels = [
    { url = "https://files.pythonhosted.org/packages/7f/7b/a09c0d378ee8604220902c58103104b2304ef99744c4b7fc45312d280484/pika-1.4.1-py3-none-any.whl", hash = "sha256:2daae7bd422a0fc4f4879fd48c9a1932ed74a0bc7172e1e5f9bde63a101ed074", size = 164962, upload-time = "2026-05-22T18:01:23.429Z" },
]
